
Microsoft Visual Studio Solution File, Format Version 12.00
# Visual Studio 15
VisualStudioVersion = 15.0.28307.168
MinimumVisualStudioVersion = 10.0.40219.1
Project("{8BC9CEB8-8B4A-11D0-8D11-00A0C91BC942}") = "Chapter2", "Chapter2.vcxproj", "{D1018E9A-2F46-4318-AF14-127D5E2D42AA}"
EndProject
Project("{8BC9CEB8-8B4A-11D0-8D11-00A0C91BC942}") = "Chapter1", "..\Chapter1\Chapter1.vcxproj", "{9536734C-B343-4D05-A236-3BCCA9A28FC0}"
EndProject
Global
	GlobalSection(SolutionConfigurationPlatforms) = preSolution
		Debug|x64 = Debug|x64
		Debug|x86 = Debug|x86
		Release|x64 = Release|x64
		Release|x86 = Release|x86
	EndGlobalSection
	GlobalSection(ProjectConfigurationPlatforms) = postSolution
		{D1018E9A-2F46-4318-AF14-127D5E2D42AA}.Debug|x64.ActiveCfg = Debug|x64
		{D1018E9A-2F46-4318-AF14-127D5E2D42AA}.Debug|x64.Build.0 = Debug|x64
		{D1018E9A-2F46-4318-AF14-127D5E2D42AA}.Debug|x86.ActiveCfg = Debug|Win32
		{D1018E9A-2F46-4318-AF14-127D5E2D42AA}.Debug|x86.Build.0 = Debug|Win32
		{D1018E9A-2F46-4318-AF14-127D5E2D42AA}.Release|x64.ActiveCfg = Release|x64
		{D1018E9A-2F46-4318-AF14-127D5E2D42AA}.Release|x64.Build.0 = Release|x64
		{D1018E9A-2F46-4318-AF14-127D5E2D42AA}.Release|x86.ActiveCfg = Release|Win32
		{D1018E9A-2F46-4318-AF14-127D5E2D42AA}.Release|x86.Build.0 = Release|Win32
		{9536734C-B343-4D05-A236-3BCCA9A28FC0}.Debug|x64.ActiveCfg = Debug|x64
		{9536734C-B343-4D05-A236-3BCCA9A28FC0}.Debug|x64.Build.0 = Debug|x64
		{9536734C-B343-4D05-A236-3BCCA9A28FC0}.Debug|x86.ActiveCfg = Debug|Win32
		{9536734C-B343-4D05-A236-3BCCA9A28FC0}.Debug|x86.Build.0 = Debug|Win32
		{9536734C-B343-4D05-A236-3BCCA9A28FC0}.Release|x64.ActiveCfg = Release|x64
		{9536734C-B343-4D05-A236-3BCCA9A28FC0}.Release|x64.Build.0 = Release|x64
		{9536734C-B343-4D05-A236-3BCCA9A28FC0}.Release|x86.ActiveCfg = Release|Win32
		{9536734C-B343-4D05-A236-3BCCA9A28FC0}.Release|x86.Build.0 = Release|Win32
	EndGlobalSection
	GlobalSection(SolutionProperties) = preSolution
		HideSolutionNode = FALSE
	EndGlobalSection
	GlobalSection(ExtensibilityGlobals) = postSolution
		SolutionGuid = {F8AC4751-7DBA-4CAA-A576-C5E25CD5CCCE}
	EndGlobalSection
EndGlobal
